
Microsoft Visual Studio Solution File, Format Version 12.00
# Visual Studio Version 17
VisualStudioVersion = 17.4.33213.308
MinimumVisualStudioVersion = 10.0.40219.1
Project("{9A19103F-16F7-4668-BE54-9A1E7A4F7556}") = "CosmosApi", "CosmosApi\CosmosApi.csproj", "{380A1566-6167-478F-9D62-76EA26FAD5D3}"
EndProject
Project("{9A19103F-16F7-4668-BE54-9A1E7A4F7556}") = "CosmosApi.Test", "CosmosApi.Test\CosmosApi.Test.csproj", "{3CF02C06-EDD4-4265-9EC5-1960957E9792}"
EndProject
Project("{9A19103F-16F7-4668-BE54-9A1E7A4F7556}") = "Ecdsa.Secp", "Ecdsa.Secp\Ecdsa.Secp.csproj", "{9DACBBEC-36CD-4347-A192-9AFF6CFD99CB}"
EndProject
Project("{9A19103F-16F7-4668-BE54-9A1E7A4F7556}") = "NameserviceApi", "NameserviceApi\NameserviceApi.csproj", "{28B91B65-3DC4-4305-8321-974150553103}"
EndProject
Project("{9A19103F-16F7-4668-BE54-9A1E7A4F7556}") = "ConsoleApp1", "ConsoleApp1\ConsoleApp1.csproj", "{64081B13-0199-4003-BC9E-0AC639D9F25F}"
EndProject
Project("{2150E333-8FDC-42A3-9474-1A3956D46DE8}") = "Solution Items", "Solution Items", "{DD3E1B5A-1B32-4F11-ACDF-4DB2FDF4664A}"
	ProjectSection(SolutionItems) = preProject
		.editorconfig = .editorconfig
	EndProjectSection
EndProject
Global
	GlobalSection(SolutionConfigurationPlatforms) = preSolution
		Debug|Any CPU = Debug|Any CPU
		Release|Any CPU = Release|Any CPU
	EndGlobalSection
	GlobalSection(ProjectConfigurationPlatforms) = postSolution
		{380A1566-6167-478F-9D62-76EA26FAD5D3}.Debug|Any CPU.ActiveCfg = Debug|Any CPU
		{380A1566-6167-478F-9D62-76EA26FAD5D3}.Debug|Any CPU.Build.0 = Debug|Any CPU
		{380A1566-6167-478F-9D62-76EA26FAD5D3}.Release|Any CPU.ActiveCfg = Release|Any CPU
		{380A1566-6167-478F-9D62-76EA26FAD5D3}.Release|Any CPU.Build.0 = Release|Any CPU
		{3CF02C06-EDD4-4265-9EC5-1960957E9792}.Debug|Any CPU.ActiveCfg = Debug|Any CPU
		{3CF02C06-EDD4-4265-9EC5-1960957E9792}.Debug|Any CPU.Build.0 = Debug|Any CPU
		{3CF02C06-EDD4-4265-9EC5-1960957E9792}.Release|Any CPU.ActiveCfg = Release|Any CPU
		{3CF02C06-EDD4-4265-9EC5-1960957E9792}.Release|Any CPU.Build.0 = Release|Any CPU
		{9DACBBEC-36CD-4347-A192-9AFF6CFD99CB}.Debug|Any CPU.ActiveCfg = Debug|Any CPU
		{9DACBBEC-36CD-4347-A192-9AFF6CFD99CB}.Debug|Any CPU.Build.0 = Debug|Any CPU
		{9DACBBEC-36CD-4347-A192-9AFF6CFD99CB}.Release|Any CPU.ActiveCfg = Release|Any CPU
		{9DACBBEC-36CD-4347-A192-9AFF6CFD99CB}.Release|Any CPU.Build.0 = Release|Any CPU
		{28B91B65-3DC4-4305-8321-974150553103}.Debug|Any CPU.ActiveCfg = Debug|Any CPU
		{28B91B65-3DC4-4305-8321-974150553103}.Debug|Any CPU.Build.0 = Debug|Any CPU
		{28B91B65-3DC4-4305-8321-974150553103}.Release|Any CPU.ActiveCfg = Release|Any CPU
		{28B91B65-3DC4-4305-8321-974150553103}.Release|Any CPU.Build.0 = Release|Any CPU
		{64081B13-0199-4003-BC9E-0AC639D9F25F}.Debug|Any CPU.ActiveCfg = Debug|Any CPU
		{64081B13-0199-4003-BC9E-0AC639D9F25F}.Debug|Any CPU.Build.0 = Debug|Any CPU
		{64081B13-0199-4003-BC9E-0AC639D9F25F}.Release|Any CPU.ActiveCfg = Release|Any CPU
		{64081B13-0199-4003-BC9E-0AC639D9F25F}.Release|Any CPU.Build.0 = Release|Any CPU
	EndGlobalSection
	GlobalSection(SolutionProperties) = preSolution
		HideSolutionNode = FALSE
	EndGlobalSection
	GlobalSection(ExtensibilityGlobals) = postSolution
		SolutionGuid = {C042BFDC-6353-4B22-8342-F4D6D2D73F0B}
	EndGlobalSection
EndGlobal
